<?xml version="1.0"?>
<CONFIG>
  <ProjectOptions>
    <Version Value="9"/>
    <General>
      <Flags>
        <MainUnitHasCreateFormStatements Value="False"/>
        <MainUnitHasTitleStatement Value="False"/>
      </Flags>
      <MainUnit Value="0"/>
      <ResourceType Value="res"/>
      <UseXPManifest Value="True"/>
      <Icon Value="0"/>
      <ActiveWindowIndexAtStart Value="0"/>
    </General>
    <i18n>
      <EnableI18N LFM="False"/>
    </i18n>
    <VersionInfo>
      <StringTable ProductVersion=""/>
    </VersionInfo>
    <BuildModes Count="1" Active="Default">
      <Item1 Name="Default" Default="True"/>
    </BuildModes>
    <PublishOptions>
      <Version Value="2"/>
      <IncludeFileFilter Value="*.(pas|pp|inc|lfm|lpr|lrs|lpi|lpk|sh|xml)"/>
      <ExcludeFileFilter Value="*.(bak|ppu|o|so);*~;backup"/>
    </PublishOptions>
    <RunParams>
      <local>
        <FormatVersion Value="1"/>
        <LaunchingApplication PathPlusParams="/usr/bin/rxvt-unicode -T 'Lazarus Run Output' -e $(LazarusDir)/tools/runwait.sh $(TargetCmdLine)"/>
      </local>
    </RunParams>
    <Units Count="18">
      <Unit0>
        <Filename Value="test3controlasync.pas"/>
        <IsPartOfProject Value="True"/>
        <UnitName Value="Test3ControlAsync"/>
        <IsVisibleTab Value="True"/>
        <EditorIndex Value="0"/>
        <WindowIndex Value="0"/>
        <TopLine Value="68"/>
        <CursorPos X="1" Y="109"/>
        <UsageCount Value="20"/>
        <Loaded Value="True"/>
      </Unit0>
      <Unit1>
        <Filename Value="test2controlsync.pas"/>
        <UnitName Value="Test2ControlSync"/>
        <EditorIndex Value="8"/>
        <WindowIndex Value="0"/>
        <TopLine Value="57"/>
        <CursorPos X="29" Y="65"/>
        <UsageCount Value="10"/>
        <Loaded Value="True"/>
      </Unit1>
      <Unit2>
        <Filename Value="../libusboop.pas"/>
        <UnitName Value="LibUsbOop"/>
        <EditorIndex Value="2"/>
        <WindowIndex Value="0"/>
        <TopLine Value="652"/>
        <CursorPos X="1" Y="674"/>
        <UsageCount Value="10"/>
        <Bookmarks Count="1">
          <Item0 X="3" Y="683" ID="1"/>
        </Bookmarks>
        <Loaded Value="True"/>
      </Unit2>
      <Unit3>
        <Filename Value="mydevice.pas"/>
        <UnitName Value="MyDevice"/>
        <EditorIndex Value="6"/>
        <WindowIndex Value="0"/>
        <TopLine Value="1"/>
        <CursorPos X="19" Y="92"/>
        <UsageCount Value="10"/>
        <Loaded Value="True"/>
      </Unit3>
      <Unit4>
        <Filename Value="../libusb.pas"/>
        <UnitName Value="LibUsb"/>
        <EditorIndex Value="1"/>
        <WindowIndex Value="0"/>
        <TopLine Value="777"/>
        <CursorPos X="10" Y="803"/>
        <UsageCount Value="10"/>
        <Loaded Value="True"/>
      </Unit4>
      <Unit5>
        <Filename Value="/usr/share/fpcsrc/2.6.0/rtl/inc/objpash.inc"/>
        <WindowIndex Value="0"/>
        <TopLine Value="329"/>
        <CursorPos X="51" Y="363"/>
        <UsageCount Value="10"/>
      </Unit5>
      <Unit6>
        <Filename Value="/usr/share/fpcsrc/2.6.0/rtl/inc/systemh.inc"/>
        <WindowIndex Value="0"/>
        <TopLine Value="1108"/>
        <CursorPos X="3" Y="1134"/>
        <UsageCount Value="10"/>
      </Unit6>
      <Unit7>
        <Filename Value="/usr/share/fpcsrc/2.6.0/rtl/objpas/sysutils/sysutilh.inc"/>
        <WindowIndex Value="0"/>
        <TopLine Value="110"/>
        <CursorPos X="52" Y="144"/>
        <UsageCount Value="10"/>
      </Unit7>
      <Unit8>
        <Filename Value="../paslibusbutils.pas"/>
        <UnitName Value="PasLibUsbUtils"/>
        <WindowIndex Value="0"/>
        <TopLine Value="2"/>
        <CursorPos X="20" Y="22"/>
        <UsageCount Value="10"/>
      </Unit8>
      <Unit9>
        <Filename Value="../usb.pas"/>
        <UnitName Value="USB"/>
        <EditorIndex Value="4"/>
        <WindowIndex Value="0"/>
        <TopLine Value="208"/>
        <CursorPos X="39" Y="38"/>
        <UsageCount Value="10"/>
        <Loaded Value="True"/>
      </Unit9>
      <Unit10>
        <Filename Value="test1library.pas"/>
        <UnitName Value="Test1Library"/>
        <EditorIndex Value="9"/>
        <WindowIndex Value="0"/>
        <TopLine Value="34"/>
        <CursorPos X="93" Y="52"/>
        <UsageCount Value="10"/>
        <Loaded Value="True"/>
      </Unit10>
      <Unit11>
        <Filename Value="/usr/share/fpcsrc/2.6.0/rtl/objpas/classes/classesh.inc"/>
        <WindowIndex Value="0"/>
        <TopLine Value="284"/>
        <CursorPos X="3" Y="310"/>
        <UsageCount Value="10"/>
      </Unit11>
      <Unit12>
        <Filename Value="../ezusb.pas"/>
        <UnitName Value="EZUSB"/>
        <EditorIndex Value="5"/>
        <WindowIndex Value="0"/>
        <TopLine Value="63"/>
        <CursorPos X="32" Y="97"/>
        <UsageCount Value="10"/>
        <Loaded Value="True"/>
      </Unit12>
      <Unit13>
        <Filename Value="../libusbutil.pas"/>
        <IsPartOfProject Value="True"/>
        <UnitName Value="LibUsbUtil"/>
        <EditorIndex Value="3"/>
        <WindowIndex Value="0"/>
        <TopLine Value="77"/>
        <CursorPos X="1" Y="119"/>
        <UsageCount Value="20"/>
        <Loaded Value="True"/>
      </Unit13>
      <Unit14>
        <Filename Value="/usr/share/fpcsrc/2.6.0/rtl/objpas/sysutils/osutilsh.inc"/>
        <WindowIndex Value="0"/>
        <TopLine Value="1"/>
        <CursorPos X="11" Y="27"/>
        <UsageCount Value="10"/>
      </Unit14>
      <Unit15>
        <Filename Value="/usr/share/fpcsrc/2.6.0/rtl/unix/aliasptp.inc"/>
        <WindowIndex Value="0"/>
        <TopLine Value="1"/>
        <CursorPos X="5" Y="65"/>
        <UsageCount Value="10"/>
      </Unit15>
      <Unit16>
        <Filename Value="/usr/share/fpcsrc/2.6.0/rtl/objpas/math.pp"/>
        <UnitName Value="math"/>
        <WindowIndex Value="0"/>
        <TopLine Value="1949"/>
        <CursorPos X="3" Y="1965"/>
        <UsageCount Value="10"/>
      </Unit16>
      <Unit17>
        <Filename Value="testfirmware.pas"/>
        <UnitName Value="TestFirmware"/>
        <EditorIndex Value="7"/>
        <WindowIndex Value="0"/>
        <TopLine Value="26"/>
        <CursorPos X="1" Y="78"/>
        <UsageCount Value="10"/>
        <Loaded Value="True"/>
      </Unit17>
    </Units>
    <JumpHistory Count="30" HistoryIndex="29">
      <Position1>
        <Filename Value="../libusbutil.pas"/>
        <Caret Line="35" Column="3" TopLine="9"/>
      </Position1>
      <Position2>
        <Filename Value="../libusboop.pas"/>
        <Caret Line="317" Column="27" TopLine="295"/>
      </Position2>
      <Position3>
        <Filename Value="../libusbutil.pas"/>
        <Caret Line="25" Column="15" TopLine="1"/>
      </Position3>
      <Position4>
        <Filename Value="../libusbutil.pas"/>
        <Caret Line="37" Column="1" TopLine="23"/>
      </Position4>
      <Position5>
        <Filename Value="../libusbutil.pas"/>
        <Caret Line="19" Column="107" TopLine="3"/>
      </Position5>
      <Position6>
        <Filename Value="../libusbutil.pas"/>
        <Caret Line="47" Column="26" TopLine="23"/>
      </Position6>
      <Position7>
        <Filename Value="../libusbutil.pas"/>
        <Caret Line="64" Column="32" TopLine="22"/>
      </Position7>
      <Position8>
        <Filename Value="../libusbutil.pas"/>
        <Caret Line="66" Column="3" TopLine="24"/>
      </Position8>
      <Position9>
        <Filename Value="../usb.pas"/>
        <Caret Line="767" Column="1" TopLine="728"/>
      </Position9>
      <Position10>
        <Filename Value="../ezusb.pas"/>
        <Caret Line="24" Column="12" TopLine="5"/>
      </Position10>
      <Position11>
        <Filename Value="../ezusb.pas"/>
        <Caret Line="28" Column="11" TopLine="4"/>
      </Position11>
      <Position12>
        <Filename Value="../ezusb.pas"/>
        <Caret Line="107" Column="29" TopLine="62"/>
      </Position12>
      <Position13>
        <Filename Value="../ezusb.pas"/>
        <Caret Line="1" Column="1" TopLine="1"/>
      </Position13>
      <Position14>
        <Filename Value="../ezusb.pas"/>
        <Caret Line="138" Column="1" TopLine="86"/>
      </Position14>
      <Position15>
        <Filename Value="../ezusb.pas"/>
        <Caret Line="31" Column="37" TopLine="5"/>
      </Position15>
      <Position16>
        <Filename Value="../ezusb.pas"/>
        <Caret Line="30" Column="37" TopLine="1"/>
      </Position16>
      <Position17>
        <Filename Value="../ezusb.pas"/>
        <Caret Line="51" Column="1" TopLine="29"/>
      </Position17>
      <Position18>
        <Filename Value="../ezusb.pas"/>
        <Caret Line="62" Column="17" TopLine="36"/>
      </Position18>
      <Position19>
        <Filename Value="../libusboop.pas"/>
        <Caret Line="280" Column="19" TopLine="254"/>
      </Position19>
      <Position20>
        <Filename Value="../ezusb.pas"/>
        <Caret Line="62" Column="1" TopLine="36"/>
      </Position20>
      <Position21>
        <Filename Value="../ezusb.pas"/>
        <Caret Line="83" Column="1" TopLine="57"/>
      </Position21>
      <Position22>
        <Filename Value="../ezusb.pas"/>
        <Caret Line="104" Column="157" TopLine="77"/>
      </Position22>
      <Position23>
        <Filename Value="../libusboop.pas"/>
        <Caret Line="444" Column="62" TopLine="419"/>
      </Position23>
      <Position24>
        <Filename Value="../libusbutil.pas"/>
        <Caret Line="17" Column="40" TopLine="1"/>
      </Position24>
      <Position25>
        <Filename Value="../libusbutil.pas"/>
        <Caret Line="18" Column="14" TopLine="1"/>
      </Position25>
      <Position26>
        <Filename Value="../libusbutil.pas"/>
        <Caret Line="44" Column="45" TopLine="15"/>
      </Position26>
      <Position27>
        <Filename Value="../libusbutil.pas"/>
        <Caret Line="15" Column="31" TopLine="4"/>
      </Position27>
      <Position28>
        <Filename Value="../libusbutil.pas"/>
        <Caret Line="40" Column="32" TopLine="14"/>
      </Position28>
      <Position29>
        <Filename Value="../libusbutil.pas"/>
        <Caret Line="30" Column="28" TopLine="1"/>
      </Position29>
      <Position30>
        <Filename Value="testfirmware.pas"/>
        <Caret Line="1" Column="1" TopLine="1"/>
      </Position30>
    </JumpHistory>
  </ProjectOptions>
  <CompilerOptions>
    <Version Value="9"/>
    <Target>
      <Filename Value="test3controlasync"/>
    </Target>
    <SearchPaths>
      <IncludeFiles Value="$(ProjOutDir)"/>
      <OtherUnitFiles Value=".."/>
      <UnitOutputDirectory Value="lib/$(TargetCPU)-$(TargetOS)"/>
    </SearchPaths>
    <Other>
      <CompilerMessages>
        <UseMsgFile Value="True"/>
      </CompilerMessages>
      <CompilerPath Value="$(CompPath)"/>
    </Other>
  </CompilerOptions>
  <Debugging>
    <Exceptions Count="3">
      <Item1>
        <Name Value="EAbort"/>
      </Item1>
      <Item2>
        <Name Value="ECodetoolError"/>
      </Item2>
      <Item3>
        <Name Value="EFOpenError"/>
      </Item3>
    </Exceptions>
  </Debugging>
</CONFIG>
