<?xml version="1.0"?>
<CONFIG>
  <ProjectOptions>
    <Version Value="9"/>
    <General>
      <Flags>
        <MainUnitHasCreateFormStatements Value="False"/>
        <MainUnitHasTitleStatement Value="False"/>
      </Flags>
      <MainUnit Value="0"/>
      <ResourceType Value="res"/>
      <UseXPManifest Value="True"/>
      <ActiveWindowIndexAtStart Value="0"/>
    </General>
    <i18n>
      <EnableI18N LFM="False"/>
    </i18n>
    <VersionInfo>
      <StringTable ProductVersion=""/>
    </VersionInfo>
    <BuildModes Count="1" Active="Default">
      <Item1 Name="Default" Default="True"/>
    </BuildModes>
    <PublishOptions>
      <Version Value="2"/>
      <IncludeFileFilter Value="*.(pas|pp|inc|lfm|lpr|lrs|lpi|lpk|sh|xml)"/>
      <ExcludeFileFilter Value="*.(bak|ppu|o|so);*~;backup"/>
    </PublishOptions>
    <RunParams>
      <local>
        <FormatVersion Value="1"/>
        <LaunchingApplication PathPlusParams="/usr/bin/rxvt-unicode -T 'Lazarus Run Output' -e $(LazarusDir)/tools/runwait.sh $(TargetCmdLine)"/>
      </local>
    </RunParams>
    <Units Count="5">
      <Unit0>
        <Filename Value="test2controlsync.pas"/>
        <IsPartOfProject Value="True"/>
        <UnitName Value="Test2ControlSync"/>
        <EditorIndex Value="0"/>
        <WindowIndex Value="0"/>
        <TopLine Value="1"/>
        <CursorPos X="3" Y="28"/>
        <UsageCount Value="22"/>
        <Loaded Value="True"/>
      </Unit0>
      <Unit1>
        <Filename Value="../libusboop.pas"/>
        <UnitName Value="LibUsbOop"/>
        <IsVisibleTab Value="True"/>
        <EditorIndex Value="3"/>
        <WindowIndex Value="0"/>
        <TopLine Value="976"/>
        <CursorPos X="43" Y="391"/>
        <UsageCount Value="11"/>
        <Bookmarks Count="2">
          <Item0 X="1" Y="840" ID="1"/>
          <Item1 X="1" Y="507" ID="2"/>
        </Bookmarks>
        <Loaded Value="True"/>
      </Unit1>
      <Unit2>
        <Filename Value="test1library.pas"/>
        <UnitName Value="Test1Library"/>
        <EditorIndex Value="2"/>
        <WindowIndex Value="0"/>
        <TopLine Value="20"/>
        <CursorPos X="1" Y="86"/>
        <UsageCount Value="11"/>
        <Loaded Value="True"/>
      </Unit2>
      <Unit3>
        <Filename Value="../libusb.pas"/>
        <UnitName Value="LibUsb"/>
        <EditorIndex Value="1"/>
        <WindowIndex Value="0"/>
        <TopLine Value="379"/>
        <CursorPos X="3" Y="390"/>
        <UsageCount Value="11"/>
        <Loaded Value="True"/>
      </Unit3>
      <Unit4>
        <Filename Value="../usb.pas"/>
        <UnitName Value="USB"/>
        <EditorIndex Value="4"/>
        <WindowIndex Value="0"/>
        <TopLine Value="392"/>
        <CursorPos X="1" Y="420"/>
        <UsageCount Value="11"/>
        <Loaded Value="True"/>
      </Unit4>
    </Units>
    <JumpHistory Count="30" HistoryIndex="29">
      <Position1>
        <Filename Value="../libusboop.pas"/>
        <Caret Line="164" Column="85" TopLine="149"/>
      </Position1>
      <Position2>
        <Filename Value="../libusboop.pas"/>
        <Caret Line="805" Column="8" TopLine="799"/>
      </Position2>
      <Position3>
        <Filename Value="../libusboop.pas"/>
        <Caret Line="157" Column="23" TopLine="130"/>
      </Position3>
      <Position4>
        <Filename Value="../libusboop.pas"/>
        <Caret Line="806" Column="20" TopLine="780"/>
      </Position4>
      <Position5>
        <Filename Value="../libusboop.pas"/>
        <Caret Line="160" Column="28" TopLine="132"/>
      </Position5>
      <Position6>
        <Filename Value="../libusboop.pas"/>
        <Caret Line="820" Column="89" TopLine="817"/>
      </Position6>
      <Position7>
        <Filename Value="../libusboop.pas"/>
        <Caret Line="827" Column="57" TopLine="801"/>
      </Position7>
      <Position8>
        <Filename Value="../libusboop.pas"/>
        <Caret Line="839" Column="64" TopLine="813"/>
      </Position8>
      <Position9>
        <Filename Value="../libusboop.pas"/>
        <Caret Line="844" Column="66" TopLine="818"/>
      </Position9>
      <Position10>
        <Filename Value="../libusboop.pas"/>
        <Caret Line="849" Column="80" TopLine="823"/>
      </Position10>
      <Position11>
        <Filename Value="test2controlsync.pas"/>
        <Caret Line="170" Column="1" TopLine="124"/>
      </Position11>
      <Position12>
        <Filename Value="test2controlsync.pas"/>
        <Caret Line="65" Column="20" TopLine="39"/>
      </Position12>
      <Position13>
        <Filename Value="../libusboop.pas"/>
        <Caret Line="142" Column="28" TopLine="115"/>
      </Position13>
      <Position14>
        <Filename Value="../libusboop.pas"/>
        <Caret Line="815" Column="14" TopLine="771"/>
      </Position14>
      <Position15>
        <Filename Value="../libusboop.pas"/>
        <Caret Line="812" Column="16" TopLine="786"/>
      </Position15>
      <Position16>
        <Filename Value="../libusboop.pas"/>
        <Caret Line="818" Column="14" TopLine="776"/>
      </Position16>
      <Position17>
        <Filename Value="../libusboop.pas"/>
        <Caret Line="816" Column="29" TopLine="790"/>
      </Position17>
      <Position18>
        <Filename Value="../libusboop.pas"/>
        <Caret Line="817" Column="11" TopLine="794"/>
      </Position18>
      <Position19>
        <Filename Value="../libusboop.pas"/>
        <Caret Line="775" Column="109" TopLine="768"/>
      </Position19>
      <Position20>
        <Filename Value="../libusboop.pas"/>
        <Caret Line="143" Column="117" TopLine="140"/>
      </Position20>
      <Position21>
        <Filename Value="../libusboop.pas"/>
        <Caret Line="802" Column="109" TopLine="771"/>
      </Position21>
      <Position22>
        <Filename Value="../libusboop.pas"/>
        <Caret Line="807" Column="24" TopLine="781"/>
      </Position22>
      <Position23>
        <Filename Value="../libusboop.pas"/>
        <Caret Line="483" Column="39" TopLine="455"/>
      </Position23>
      <Position24>
        <Filename Value="../libusboop.pas"/>
        <Caret Line="380" Column="1" TopLine="347"/>
      </Position24>
      <Position25>
        <Filename Value="../libusboop.pas"/>
        <Caret Line="387" Column="55" TopLine="362"/>
      </Position25>
      <Position26>
        <Filename Value="../libusboop.pas"/>
        <Caret Line="396" Column="23" TopLine="370"/>
      </Position26>
      <Position27>
        <Filename Value="../libusboop.pas"/>
        <Caret Line="384" Column="24" TopLine="370"/>
      </Position27>
      <Position28>
        <Filename Value="../libusboop.pas"/>
        <Caret Line="399" Column="1" TopLine="367"/>
      </Position28>
      <Position29>
        <Filename Value="../libusboop.pas"/>
        <Caret Line="871" Column="43" TopLine="831"/>
      </Position29>
      <Position30>
        <Filename Value="test2controlsync.pas"/>
        <Caret Line="65" Column="1" TopLine="39"/>
      </Position30>
    </JumpHistory>
  </ProjectOptions>
  <CompilerOptions>
    <Version Value="9"/>
    <Target>
      <Filename Value="test2controlsync"/>
    </Target>
    <SearchPaths>
      <IncludeFiles Value="$(ProjOutDir)"/>
      <OtherUnitFiles Value=".."/>
      <UnitOutputDirectory Value="lib/$(TargetCPU)-$(TargetOS)"/>
    </SearchPaths>
    <Other>
      <CompilerMessages>
        <UseMsgFile Value="True"/>
      </CompilerMessages>
      <CompilerPath Value="$(CompPath)"/>
    </Other>
  </CompilerOptions>
  <Debugging>
    <BreakPoints Count="1">
      <Item1>
        <Source Value="test2controlsync.pas"/>
        <Line Value="169"/>
      </Item1>
    </BreakPoints>
    <Exceptions Count="3">
      <Item1>
        <Name Value="EAbort"/>
      </Item1>
      <Item2>
        <Name Value="ECodetoolError"/>
      </Item2>
      <Item3>
        <Name Value="EFOpenError"/>
      </Item3>
    </Exceptions>
  </Debugging>
</CONFIG>
